// !$*UTF8*$!
{
	archiveVersion = 1;
	classes = {
	};
	objectVersion = 46;
	objects = {

/* Begin PBXBuildFile section */
		6C062CFC1CBE877E00E50579 /* main.m in Sources */ = {isa = PBXBuildFile; fileRef = 6C062CFB1CBE877E00E50579 /* main.m */; };
		6C062D041CBE8B5100E50579 /* LuckyNumberAlgorithm.m in Sources */ = {isa = PBXBuildFile; fileRef = 6C062D031CBE8B5100E50579 /* LuckyNumberAlgorithm.m */; };
/* End PBXBuildFile section */

/* Begin PBXCopyFilesBuildPhase section */
		6C062CF61CBE877E00E50579 /* CopyFiles */ = {
			isa = PBXCopyFilesBuildPhase;
			buildActionMask = 2147483647;
			dstPath = /usr/share/man/man1/;
			dstSubfolderSpec = 0;
			files = (
			);
			runOnlyForDeploymentPostprocessing = 1;
		};
/* End PBXCopyFilesBuildPhase section */

/* Begin PBXFileReference section */
		6C062CF81CBE877E00E50579 /* Lucky Number */ = {isa = PBXFileReference; explicitFileType = "compiled.mach-o.executable"; includeInIndex = 0; path = "Lucky Number"; sourceTree = BUILT_PRODUCTS_DIR; };
		6C062CFB1CBE877E00E50579 /* main.m */ = {isa = PBXFileReference; lastKnownFileType = sourcecode.c.objc; path = main.m; sourceTree = "<group>"; };
		6C062D021CBE8B5100E50579 /* LuckyNumberAlgorithm.h */ = {isa = PBXFileReference; fileEncoding = 4; lastKnownFileType = sourcecode.c.h; path = LuckyNumberAlgorithm.h; sourceTree = "<group>"; };
		6C062D031CBE8B5100E50579 /* LuckyNumberAlgorithm.m */ = {isa = PBXFileReference; fileEncoding = 4; lastKnownFileType = sourcecode.c.objc; path = LuckyNumberAlgorithm.m; sourceTree = "<group>"; };
/* End PBXFileReference section */

/* Begin PBXFrameworksBuildPhase section */
		6C062CF51CBE877E00E50579 /* Frameworks */ = {
			isa = PBXFrameworksBuildPhase;
			buildActionMask = 2147483647;
			files = (
			);
			runOnlyForDeploymentPostprocessing = 0;
		};
/* End PBXFrameworksBuildPhase section */

/* Begin PBXGroup section */
		6C062CEF1CBE877E00E50579 = {
			isa = PBXGroup;
			children = (
				6C062CFA1CBE877E00E50579 /* Lucky Number */,
				6C062CF91CBE877E00E50579 /* Products */,
			);
			sourceTree = "<group>";
		};
		6C062CF91CBE877E00E50579 /* Products */ = {
			isa = PBXGroup;
			children = (
				6C062CF81CBE877E00E50579 /* Lucky Number */,
			);
			name = Products;
			sourceTree = "<group>";
		};
		6C062CFA1CBE877E00E50579 /* Lucky Number */ = {
			isa = PBXGroup;
			children = (
				6C062CFB1CBE877E00E50579 /* main.m */,
				6C062D021CBE8B5100E50579 /* LuckyNumberAlgorithm.h */,
				6C062D031CBE8B5100E50579 /* LuckyNumberAlgorithm.m */,
			);
			path = "Lucky Number";
			sourceTree = "<group>";
		};
/* End PBXGroup section */

/* Begin PBXNativeTarget section */
		6C062CF71CBE877E00E50579 /* Lucky Number */ = {
			isa = PBXNativeTarget;
			buildConfigurationList = 6C062CFF1CBE877E00E50579 /* Build configuration list for PBXNativeTarget "Lucky Number" */;
			buildPhases = (
				6C062CF41CBE877E00E50579 /* Sources */,
				6C062CF51CBE877E00E50579 /* Frameworks */,
				6C062CF61CBE877E00E50579 /* CopyFiles */,
			);
			buildRules = (
			);
			dependencies = (
			);
			name = "Lucky Number";
			productName = "Lucky Number";
			productReference = 6C062CF81CBE877E00E50579 /* Lucky Number */;
			productType = "com.apple.product-type.tool";
		};
/* End PBXNativeTarget section */

/* Begin PBXProject section */
		6C062CF01CBE877E00E50579 /* Project object */ = {
			isa = PBXProject;
			attributes = {
				LastUpgradeCheck = 0720;
				ORGANIZATIONNAME = moorsideinc;
				TargetAttributes = {
					6C062CF71CBE877E00E50579 = {
						CreatedOnToolsVersion = 7.2.1;
					};
				};
			};
			buildConfigurationList = 6C062CF31CBE877E00E50579 /* Build configuration list for PBXProject "Lucky Number" */;
			compatibilityVersion = "Xcode 3.2";
			developmentRegion = English;
			hasScannedForEncodings = 0;
			knownRegions = (
				en,
			);
			mainGroup = 6C062CEF1CBE877E00E50579;
			productRefGroup = 6C062CF91CBE877E00E50579 /* Products */;
			projectDirPath = "";
			projectRoot = "";
			targets = (
				6C062CF71CBE877E00E50579 /* Lucky Number */,
			);
		};
/* End PBXProject section */

/* Begin PBXSourcesBuildPhase section */
		6C062CF41CBE877E00E50579 /* Sources */ = {
			isa = PBXSourcesBuildPhase;
			buildActionMask = 2147483647;
			files = (
				6C062CFC1CBE877E00E50579 /* main.m in Sources */,
				6C062D041CBE8B5100E50579 /* LuckyNumberAlgorithm.m in Sources */,
			);
			runOnlyForDeploymentPostprocessing = 0;
		};
/* End PBXSourcesBuildPhase section */

/* Begin XCBuildConfiguration section */
		6C062CFD1CBE877E00E50579 /* Debug */ = {
			isa = XCBuildConfiguration;
			buildSettings = {
				ALWAYS_SEARCH_USER_PATHS = NO;
				CLANG_CXX_LANGUAGE_STANDARD = "gnu++0x";
				CLANG_CXX_LIBRARY = "libc++";
				CLANG_ENABLE_MODULES = YES;
				CLANG_ENABLE_OBJC_ARC = YES;
				CLANG_WARN_BOOL_CONVERSION = YES;
				CLANG_WARN_CONSTANT_CONVERSION = YES;
				CLANG_WARN_DIRECT_OBJC_ISA_USAGE = YES_ERROR;
				CLANG_WARN_EMPTY_BODY = YES;
				CLANG_WARN_ENUM_CONVERSION = YES;
				CLANG_WARN_INT_CONVERSION = YES;
				CLANG_WARN_OBJC_ROOT_CLASS = YES_ERROR;
				CLANG_WARN_UNREACHABLE_CODE = YES;
				CLANG_WARN__DUPLICATE_METHOD_MATCH = YES;
				CODE_SIGN_IDENTITY = "-";
				COPY_PHASE_STRIP = NO;
				DEBUG_INFORMATION_FORMAT = dwarf;
				ENABLE_STRICT_OBJC_MSGSEND = YES;
				ENABLE_TESTABILITY = YES;
				GCC_C_LANGUAGE_STANDARD = gnu99;
				GCC_DYNAMIC_NO_PIC = NO;
				GCC_NO_COMMON_BLOCKS = YES;
				GCC_OPTIMIZATION_LEVEL = 0;
				GCC_PREPROCESSOR_DEFINITIONS = (
					"DEBUG=1",
					"$(inherited)",
				);
				GCC_WARN_64_TO_32_BIT_CONVERSION = YES;
				GCC_WARN_ABOUT_RETURN_TYPE = YES_ERROR;
				GCC_WARN_UNDECLARED_SELECTOR = YES;
				GCC_WARN_UNINITIALIZED_AUTOS = YES_AGGRESSIVE;
				GCC_WARN_UNUSED_FUNCTION = YES;
				GCC_WARN_UNUSED_VARIABLE = YES;
				MACOSX_DEPLOYMENT_TARGET = 10.10;
				MTL_ENABLE_DEBUG_INFO = YES;
				ONLY_ACTIVE_ARCH = YES;
				SDKROOT = macosx;
			};
			name = Debug;
		};
		6C062CFE1CBE877E00E50579 /* Release */ = {
			isa = XCBuildConfiguration;
			buildSettings = {
				ALWAYS_SEARCH_USER_PATHS = NO;
				CLANG_CXX_LANGUAGE_STANDARD = "gnu++0x";
				CLANG_CXX_LIBRARY = "libc++";
				CLANG_ENABLE_MODULES = YES;
				CLANG_ENABLE_OBJC_ARC = YES;
				CLANG_WARN_BOOL_CONVERSION = YES;
				CLANG_WARN_CONSTANT_CONVERSION = YES;
				CLANG_WARN_DIRECT_OBJC_ISA_USAGE = YES_ERROR;
				CLANG_WARN_EMPTY_BODY = YES;
				CLANG_WARN_ENUM_CONVERSION = YES;
				CLANG_WARN_INT_CONVERSION = YES;
				CLANG_WARN_OBJC_ROOT_CLASS = YES_ERROR;
				CLANG_WARN_UNREACHABLE_CODE = YES;
				CLANG_WARN__DUPLICATE_METHOD_MATCH = YES;
				CODE_SIGN_IDENTITY = "-";
				COPY_PHASE_STRIP = NO;
				DEBUG_INFORMATION_FORMAT = "dwarf-with-dsym";
				ENABLE_NS_ASSERTIONS = NO;
				ENABLE_STRICT_OBJC_MSGSEND = YES;
				GCC_C_LANGUAGE_STANDARD = gnu99;
				GCC_NO_COMMON_BLOCKS = YES;
				GCC_WARN_64_TO_32_BIT_CONVERSION = YES;
				GCC_WARN_ABOUT_RETURN_TYPE = YES_ERROR;
				GCC_WARN_UNDECLARED_SELECTOR = YES;
				GCC_WARN_UNINITIALIZED_AUTOS = YES_AGGRESSIVE;
				GCC_WARN_UNUSED_FUNCTION = YES;
				GCC_WARN_UNUSED_VARIABLE = YES;
				MACOSX_DEPLOYMENT_TARGET = 10.10;
				MTL_ENABLE_DEBUG_INFO = NO;
				SDKROOT = macosx;
			};
			name = Release;
		};
		6C062D001CBE877E00E50579 /* Debug */ = {
			isa = XCBuildConfiguration;
			buildSettings = {
				PRODUCT_NAME = "$(TARGET_NAME)";
			};
			name = Debug;
		};
		6C062D011CBE877E00E50579 /* Release */ = {
			isa = XCBuildConfiguration;
			buildSettings = {
				PRODUCT_NAME = "$(TARGET_NAME)";
			};
			name = Release;
		};
/* End XCBuildConfiguration section */

/* Begin XCConfigurationList section */
		6C062CF31CBE877E00E50579 /* Build configuration list for PBXProject "Lucky Number" */ = {
			isa = XCConfigurationList;
			buildConfigurations = (
				6C062CFD1CBE877E00E50579 /* Debug */,
				6C062CFE1CBE877E00E50579 /* Release */,
			);
			defaultConfigurationIsVisible = 0;
			defaultConfigurationName = Release;
		};
		6C062CFF1CBE877E00E50579 /* Build configuration list for PBXNativeTarget "Lucky Number" */ = {
			isa = XCConfigurationList;
			buildConfigurations = (
				6C062D001CBE877E00E50579 /* Debug */,
				6C062D011CBE877E00E50579 /* Release */,
			);
			defaultConfigurationIsVisible = 0;
		};
/* End XCConfigurationList section */
	};
	rootObject = 6C062CF01CBE877E00E50579 /* Project object */;
}
